// !$*UTF8*$!
{
	archiveVersion = 1;
	classes = {
	};
	objectVersion = 46;
	objects = {

/* Begin PBXFileReference section */
		6323C0D31C18FE00001A21E6 /* AOS_v_0_5.4.bas */ = {isa = PBXFileReference; lastKnownFileType = text; name = AOS_v_0_5.4.bas; path = ../../Bascomp/AOS_v_0_5.4.bas; sourceTree = "<group>"; };
		6323C0D81C191448001A21E6 /* lcd.h */ = {isa = PBXFileReference; lastKnownFileType = sourcecode.c.h; name = lcd.h; path = lib/lcd.h; sourceTree = "<group>"; };
		6323C0D91C191448001A21E6 /* lcd.c */ = {isa = PBXFileReference; lastKnownFileType = sourcecode.c.c; name = lcd.c; path = lib/lcd.c; sourceTree = "<group>"; };
		63A9671B1C18D7A000027729 /* main.c */ = {isa = PBXFileReference; lastKnownFileType = sourcecode.c.c; path = main.c; sourceTree = "<group>"; };
		63A9671C1C18D7A000027729 /* main.h */ = {isa = PBXFileReference; lastKnownFileType = sourcecode.c.h; path = main.h; sourceTree = "<group>"; };
		63A9671E1C18D82D00027729 /* Makefile */ = {isa = PBXFileReference; lastKnownFileType = sourcecode.make; path = Makefile; sourceTree = "<group>"; };
/* End PBXFileReference section */

/* Begin PBXGroup section */
		6323C0DC1C191E71001A21E6 /* Libraries */ = {
			isa = PBXGroup;
			children = (
				6323C0D81C191448001A21E6 /* lcd.h */,
				6323C0D91C191448001A21E6 /* lcd.c */,
			);
			name = Libraries;
			sourceTree = "<group>";
		};
		63DEC9BB1C18C5B2000B88BE = {
			isa = PBXGroup;
			children = (
				63A9671E1C18D82D00027729 /* Makefile */,
				6323C0D31C18FE00001A21E6 /* AOS_v_0_5.4.bas */,
				63A9671C1C18D7A000027729 /* main.h */,
				63A9671B1C18D7A000027729 /* main.c */,
				6323C0DC1C191E71001A21E6 /* Libraries */,
			);
			sourceTree = "<group>";
		};
/* End PBXGroup section */

/* Begin PBXProject section */
		63DEC9BC1C18C5B2000B88BE /* Project object */ = {
			isa = PBXProject;
			attributes = {
				LastUpgradeCheck = 0630;
			};
			buildConfigurationList = 63DEC9BF1C18C5B2000B88BE /* Build configuration list for PBXProject "AOS1" */;
			compatibilityVersion = "Xcode 3.2";
			developmentRegion = English;
			hasScannedForEncodings = 0;
			knownRegions = (
				en,
			);
			mainGroup = 63DEC9BB1C18C5B2000B88BE;
			projectDirPath = "";
			projectRoot = "";
			targets = (
			);
		};
/* End PBXProject section */

/* Begin XCBuildConfiguration section */
		63DEC9C01C18C5B2000B88BE /* Debug */ = {
			isa = XCBuildConfiguration;
			buildSettings = {
			};
			name = Debug;
		};
		63DEC9C11C18C5B2000B88BE /* Release */ = {
			isa = XCBuildConfiguration;
			buildSettings = {
			};
			name = Release;
		};
/* End XCBuildConfiguration section */

/* Begin XCConfigurationList section */
		63DEC9BF1C18C5B2000B88BE /* Build configuration list for PBXProject "AOS1" */ = {
			isa = XCConfigurationList;
			buildConfigurations = (
				63DEC9C01C18C5B2000B88BE /* Debug */,
				63DEC9C11C18C5B2000B88BE /* Release */,
			);
			defaultConfigurationIsVisible = 0;
			defaultConfigurationName = Release;
		};
/* End XCConfigurationList section */
	};
	rootObject = 63DEC9BC1C18C5B2000B88BE /* Project object */;
}
